
Microsoft Visual Studio Solution File, Format Version 12.00
# Visual Studio Version 17
VisualStudioVersion = 17.9.34607.119
MinimumVisualStudioVersion = 10.0.40219.1
Project("{9A19103F-16F7-4668-BE54-9A1E7A4F7556}") = "Backend_TeaTech", "Backend_TeaTech.csproj", "{EE13946E-2252-4171-9B44-B855A8C52A99}"
EndProject
Global
	GlobalSection(SolutionConfigurationPlatforms) = preSolution
		Debug|Any CPU = Debug|Any CPU
		Release|Any CPU = Release|Any CPU
	EndGlobalSection
	GlobalSection(ProjectConfigurationPlatforms) = postSolution
		{EE13946E-2252-4171-9B44-B855A8C52A99}.Debug|Any CPU.ActiveCfg = Debug|Any CPU
		{EE13946E-2252-4171-9B44-B855A8C52A99}.Debug|Any CPU.Build.0 = Debug|Any CPU
		{EE13946E-2252-4171-9B44-B855A8C52A99}.Release|Any CPU.ActiveCfg = Release|Any CPU
		{EE13946E-2252-4171-9B44-B855A8C52A99}.Release|Any CPU.Build.0 = Release|Any CPU
	EndGlobalSection
	GlobalSection(SolutionProperties) = preSolution
		HideSolutionNode = FALSE
	EndGlobalSection
	GlobalSection(ExtensibilityGlobals) = postSolution
		SolutionGuid = {0A1780F1-7141-4116-B5D8-97A25FC86B83}
	EndGlobalSection
EndGlobal
